// !$*UTF8*$!
{
	archiveVersion = 1;
	classes = {
	};
	objectVersion = 48;
	objects = {

/* Begin PBXBuildFile section */
		7B8D792C20CBEB6200E5BF0C /* Vegetable.swift in Sources */ = {isa = PBXBuildFile; fileRef = 7B8D792B20CBEB6200E5BF0C /* Vegetable.swift */; };
		7BDF10A020CBE5C0008A3F84 /* AppDelegate.swift in Sources */ = {isa = PBXBuildFile; fileRef = 7BDF109F20CBE5C0008A3F84 /* AppDelegate.swift */; };
		7BDF10A220CBE5C0008A3F84 /* ViewController.swift in Sources */ = {isa = PBXBuildFile; fileRef = 7BDF10A120CBE5C0008A3F84 /* ViewController.swift */; };
		7BDF10A520CBE5C0008A3F84 /* Main.storyboard in Resources */ = {isa = PBXBuildFile; fileRef = 7BDF10A320CBE5C0008A3F84 /* Main.storyboard */; };
		7BDF10A720CBE5C0008A3F84 /* Assets.xcassets in Resources */ = {isa = PBXBuildFile; fileRef = 7BDF10A620CBE5C0008A3F84 /* Assets.xcassets */; };
		7BDF10AA20CBE5C0008A3F84 /* LaunchScreen.storyboard in Resources */ = {isa = PBXBuildFile; fileRef = 7BDF10A820CBE5C0008A3F84 /* LaunchScreen.storyboard */; };
		7BDF10B220CBE8B8008A3F84 /* VegetableCell.swift in Sources */ = {isa = PBXBuildFile; fileRef = 7BDF10B120CBE8B8008A3F84 /* VegetableCell.swift */; };
		A18D2674887DD308422A654B /* Pods_Vegetables11.framework in Frameworks */ = {isa = PBXBuildFile; fileRef = C6A61BE9205F682CB3EB97F8 /* Pods_Vegetables11.framework */; };
/* End PBXBuildFile section */

/* Begin PBXFileReference section */
		76D8EBC1875C1118062D94D9 /* Pods-Vegetables11.debug.xcconfig */ = {isa = PBXFileReference; includeInIndex = 1; lastKnownFileType = text.xcconfig; name = "Pods-Vegetables11.debug.xcconfig"; path = "Pods/Target Support Files/Pods-Vegetables11/Pods-Vegetables11.debug.xcconfig"; sourceTree = "<group>"; };
		7B8D792B20CBEB6200E5BF0C /* Vegetable.swift */ = {isa = PBXFileReference; lastKnownFileType = sourcecode.swift; path = Vegetable.swift; sourceTree = "<group>"; };
		7BDF109C20CBE5C0008A3F84 /* Vegetables11.app */ = {isa = PBXFileReference; explicitFileType = wrapper.application; includeInIndex = 0; path = Vegetables11.app; sourceTree = BUILT_PRODUCTS_DIR; };
		7BDF109F20CBE5C0008A3F84 /* AppDelegate.swift */ = {isa = PBXFileReference; lastKnownFileType = sourcecode.swift; path = AppDelegate.swift; sourceTree = "<group>"; };
		7BDF10A120CBE5C0008A3F84 /* ViewController.swift */ = {isa = PBXFileReference; lastKnownFileType = sourcecode.swift; path = ViewController.swift; sourceTree = "<group>"; };
		7BDF10A420CBE5C0008A3F84 /* Base */ = {isa = PBXFileReference; lastKnownFileType = file.storyboard; name = Base; path = Base.lproj/Main.storyboard; sourceTree = "<group>"; };
		7BDF10A620CBE5C0008A3F84 /* Assets.xcassets */ = {isa = PBXFileReference; lastKnownFileType = folder.assetcatalog; path = Assets.xcassets; sourceTree = "<group>"; };
		7BDF10A920CBE5C0008A3F84 /* Base */ = {isa = PBXFileReference; lastKnownFileType = file.storyboard; name = Base; path = Base.lproj/LaunchScreen.storyboard; sourceTree = "<group>"; };
		7BDF10AB20CBE5C0008A3F84 /* Info.plist */ = {isa = PBXFileReference; lastKnownFileType = text.plist.xml; path = Info.plist; sourceTree = "<group>"; };
		7BDF10B120CBE8B8008A3F84 /* VegetableCell.swift */ = {isa = PBXFileReference; lastKnownFileType = sourcecode.swift; path = VegetableCell.swift; sourceTree = "<group>"; };
		C6A61BE9205F682CB3EB97F8 /* Pods_Vegetables11.framework */ = {isa = PBXFileReference; explicitFileType = wrapper.framework; includeInIndex = 0; path = Pods_Vegetables11.framework; sourceTree = BUILT_PRODUCTS_DIR; };
		CDED669A8839B69097173403 /* Pods-Vegetables11.release.xcconfig */ = {isa = PBXFileReference; includeInIndex = 1; lastKnownFileType = text.xcconfig; name = "Pods-Vegetables11.release.xcconfig"; path = "Pods/Target Support Files/Pods-Vegetables11/Pods-Vegetables11.release.xcconfig"; sourceTree = "<group>"; };
/* End PBXFileReference section */

/* Begin PBXFrameworksBuildPhase section */
		7BDF109920CBE5C0008A3F84 /* Frameworks */ = {
			isa = PBXFrameworksBuildPhase;
			buildActionMask = 2147483647;
			files = (
				A18D2674887DD308422A654B /* Pods_Vegetables11.framework in Frameworks */,
			);
			runOnlyForDeploymentPostprocessing = 0;
		};
/* End PBXFrameworksBuildPhase section */

/* Begin PBXGroup section */
		7BDF109320CBE5C0008A3F84 = {
			isa = PBXGroup;
			children = (
				7BDF109E20CBE5C0008A3F84 /* Vegetables11 */,
				7BDF109D20CBE5C0008A3F84 /* Products */,
				93EEB1A2D2063B818DD3F848 /* Pods */,
				F9643F53AEC36730BFE9965A /* Frameworks */,
			);
			sourceTree = "<group>";
		};
		7BDF109D20CBE5C0008A3F84 /* Products */ = {
			isa = PBXGroup;
			children = (
				7BDF109C20CBE5C0008A3F84 /* Vegetables11.app */,
			);
			name = Products;
			sourceTree = "<group>";
		};
		7BDF109E20CBE5C0008A3F84 /* Vegetables11 */ = {
			isa = PBXGroup;
			children = (
				7BDF109F20CBE5C0008A3F84 /* AppDelegate.swift */,
				7BDF10A120CBE5C0008A3F84 /* ViewController.swift */,
				7BDF10B120CBE8B8008A3F84 /* VegetableCell.swift */,
				7B8D792B20CBEB6200E5BF0C /* Vegetable.swift */,
				7BDF10A320CBE5C0008A3F84 /* Main.storyboard */,
				7BDF10A620CBE5C0008A3F84 /* Assets.xcassets */,
				7BDF10A820CBE5C0008A3F84 /* LaunchScreen.storyboard */,
				7BDF10AB20CBE5C0008A3F84 /* Info.plist */,
			);
			path = Vegetables11;
			sourceTree = "<group>";
		};
		93EEB1A2D2063B818DD3F848 /* Pods */ = {
			isa = PBXGroup;
			children = (
				76D8EBC1875C1118062D94D9 /* Pods-Vegetables11.debug.xcconfig */,
				CDED669A8839B69097173403 /* Pods-Vegetables11.release.xcconfig */,
			);
			name = Pods;
			sourceTree = "<group>";
		};
		F9643F53AEC36730BFE9965A /* Frameworks */ = {
			isa = PBXGroup;
			children = (
				C6A61BE9205F682CB3EB97F8 /* Pods_Vegetables11.framework */,
			);
			name = Frameworks;
			sourceTree = "<group>";
		};
/* End PBXGroup section */

/* Begin PBXNativeTarget section */
		7BDF109B20CBE5C0008A3F84 /* Vegetables11 */ = {
			isa = PBXNativeTarget;
			buildConfigurationList = 7BDF10AE20CBE5C0008A3F84 /* Build configuration list for PBXNativeTarget "Vegetables11" */;
			buildPhases = (
				47F6995C79569A682E000251 /* [CP] Check Pods Manifest.lock */,
				7BDF109820CBE5C0008A3F84 /* Sources */,
				7BDF109920CBE5C0008A3F84 /* Frameworks */,
				7BDF109A20CBE5C0008A3F84 /* Resources */,
				BAEBA1CB2D66F0816DD222D5 /* [CP] Embed Pods Frameworks */,
			);
			buildRules = (
			);
			dependencies = (
			);
			name = Vegetables11;
			productName = Vegetables11;
			productReference = 7BDF109C20CBE5C0008A3F84 /* Vegetables11.app */;
			productType = "com.apple.product-type.application";
		};
/* End PBXNativeTarget section */

/* Begin PBXProject section */
		7BDF109420CBE5C0008A3F84 /* Project object */ = {
			isa = PBXProject;
			attributes = {
				LastSwiftUpdateCheck = 0920;
				LastUpgradeCheck = 0920;
				ORGANIZATIONNAME = "Nugumanov Dima";
				TargetAttributes = {
					7BDF109B20CBE5C0008A3F84 = {
						CreatedOnToolsVersion = 9.2;
						ProvisioningStyle = Automatic;
					};
				};
			};
			buildConfigurationList = 7BDF109720CBE5C0008A3F84 /* Build configuration list for PBXProject "Vegetables11" */;
			compatibilityVersion = "Xcode 8.0";
			developmentRegion = en;
			hasScannedForEncodings = 0;
			knownRegions = (
				en,
				Base,
			);
			mainGroup = 7BDF109320CBE5C0008A3F84;
			productRefGroup = 7BDF109D20CBE5C0008A3F84 /* Products */;
			projectDirPath = "";
			projectRoot = "";
			targets = (
				7BDF109B20CBE5C0008A3F84 /* Vegetables11 */,
			);
		};
/* End PBXProject section */

/* Begin PBXResourcesBuildPhase section */
		7BDF109A20CBE5C0008A3F84 /* Resources */ = {
			isa = PBXResourcesBuildPhase;
			buildActionMask = 2147483647;
			files = (
				7BDF10AA20CBE5C0008A3F84 /* LaunchScreen.storyboard in Resources */,
				7BDF10A720CBE5C0008A3F84 /* Assets.xcassets in Resources */,
				7BDF10A520CBE5C0008A3F84 /* Main.storyboard in Resources */,
			);
			runOnlyForDeploymentPostprocessing = 0;
		};
/* End PBXResourcesBuildPhase section */

/* Begin PBXShellScriptBuildPhase section */
		47F6995C79569A682E000251 /* [CP] Check Pods Manifest.lock */ = {
			isa = PBXShellScriptBuildPhase;
			buildActionMask = 2147483647;
			files = (
			);
			inputPaths = (
				"${PODS_PODFILE_DIR_PATH}/Podfile.lock",
				"${PODS_ROOT}/Manifest.lock",
			);
			name = "[CP] Check Pods Manifest.lock";
			outputPaths = (
				"$(DERIVED_FILE_DIR)/Pods-Vegetables11-checkManifestLockResult.txt",
			);
			runOnlyForDeploymentPostprocessing = 0;
			shellPath = /bin/sh;
			shellScript = "diff \"${PODS_PODFILE_DIR_PATH}/Podfile.lock\" \"${PODS_ROOT}/Manifest.lock\" > /dev/null\nif [ $? != 0 ] ; then\n    # print error to STDERR\n    echo \"error: The sandbox is not in sync with the Podfile.lock. Run 'pod install' or update your CocoaPods installation.\" >&2\n    exit 1\nfi\n# This output is used by Xcode 'outputs' to avoid re-running this script phase.\necho \"SUCCESS\" > \"${SCRIPT_OUTPUT_FILE_0}\"\n";
			showEnvVarsInLog = 0;
		};
		BAEBA1CB2D66F0816DD222D5 /* [CP] Embed Pods Frameworks */ = {
			isa = PBXShellScriptBuildPhase;
			buildActionMask = 2147483647;
			files = (
			);
			inputPaths = (
				"${SRCROOT}/Pods/Target Support Files/Pods-Vegetables11/Pods-Vegetables11-frameworks.sh",
				"${BUILT_PRODUCTS_DIR}/ChameleonFramework/ChameleonFramework.framework",
			);
			name = "[CP] Embed Pods Frameworks";
			outputPaths = (
				"${TARGET_BUILD_DIR}/${FRAMEWORKS_FOLDER_PATH}/ChameleonFramework.framework",
			);
			runOnlyForDeploymentPostprocessing = 0;
			shellPath = /bin/sh;
			shellScript = "\"${SRCROOT}/Pods/Target Support Files/Pods-Vegetables11/Pods-Vegetables11-frameworks.sh\"\n";
			showEnvVarsInLog = 0;
		};
/* End PBXShellScriptBuildPhase section */

/* Begin PBXSourcesBuildPhase section */
		7BDF109820CBE5C0008A3F84 /* Sources */ = {
			isa = PBXSourcesBuildPhase;
			buildActionMask = 2147483647;
			files = (
				7BDF10A220CBE5C0008A3F84 /* ViewController.swift in Sources */,
				7B8D792C20CBEB6200E5BF0C /* Vegetable.swift in Sources */,
				7BDF10A020CBE5C0008A3F84 /* AppDelegate.swift in Sources */,
				7BDF10B220CBE8B8008A3F84 /* VegetableCell.swift in Sources */,
			);
			runOnlyForDeploymentPostprocessing = 0;
		};
/* End PBXSourcesBuildPhase section */

/* Begin PBXVariantGroup section */
		7BDF10A320CBE5C0008A3F84 /* Main.storyboard */ = {
			isa = PBXVariantGroup;
			children = (
				7BDF10A420CBE5C0008A3F84 /* Base */,
			);
			name = Main.storyboard;
			sourceTree = "<group>";
		};
		7BDF10A820CBE5C0008A3F84 /* LaunchScreen.storyboard */ = {
			isa = PBXVariantGroup;
			children = (
				7BDF10A920CBE5C0008A3F84 /* Base */,
			);
			name = LaunchScreen.storyboard;
			sourceTree = "<group>";
		};
/* End PBXVariantGroup section */

/* Begin XCBuildConfiguration section */
		7BDF10AC20CBE5C0008A3F84 /* Debug */ = {
			isa = XCBuildConfiguration;
			buildSettings = {
				ALWAYS_SEARCH_USER_PATHS = NO;
				CLANG_ANALYZER_NONNULL = YES;
				CLANG_ANALYZER_NUMBER_OBJECT_CONVERSION = YES_AGGRESSIVE;
				CLANG_CXX_LANGUAGE_STANDARD = "gnu++14";
				CLANG_CXX_LIBRARY = "libc++";
				CLANG_ENABLE_MODULES = YES;
				CLANG_ENABLE_OBJC_ARC = YES;
				CLANG_WARN_BLOCK_CAPTURE_AUTORELEASING = YES;
				CLANG_WARN_BOOL_CONVERSION = YES;
				CLANG_WARN_COMMA = YES;
				CLANG_WARN_CONSTANT_CONVERSION = YES;
				CLANG_WARN_DIRECT_OBJC_ISA_USAGE = YES_ERROR;
				CLANG_WARN_DOCUMENTATION_COMMENTS = YES;
				CLANG_WARN_EMPTY_BODY = YES;
				CLANG_WARN_ENUM_CONVERSION = YES;
				CLANG_WARN_INFINITE_RECURSION = YES;
				CLANG_WARN_INT_CONVERSION = YES;
				CLANG_WARN_NON_LITERAL_NULL_CONVERSION = YES;
				CLANG_WARN_OBJC_LITERAL_CONVERSION = YES;
				CLANG_WARN_OBJC_ROOT_CLASS = YES_ERROR;
				CLANG_WARN_RANGE_LOOP_ANALYSIS = YES;
				CLANG_WARN_STRICT_PROTOTYPES = YES;
				CLANG_WARN_SUSPICIOUS_MOVE = YES;
				CLANG_WARN_UNGUARDED_AVAILABILITY = YES_AGGRESSIVE;
				CLANG_WARN_UNREACHABLE_CODE = YES;
				CLANG_WARN__DUPLICATE_METHOD_MATCH = YES;
				CODE_SIGN_IDENTITY = "iPhone Developer";
				COPY_PHASE_STRIP = NO;
				DEBUG_INFORMATION_FORMAT = dwarf;
				ENABLE_STRICT_OBJC_MSGSEND = YES;
				ENABLE_TESTABILITY = YES;
				GCC_C_LANGUAGE_STANDARD = gnu11;
				GCC_DYNAMIC_NO_PIC = NO;
				GCC_NO_COMMON_BLOCKS = YES;
				GCC_OPTIMIZATION_LEVEL = 0;
				GCC_PREPROCESSOR_DEFINITIONS = (
					"DEBUG=1",
					"$(inherited)",
				);
				GCC_WARN_64_TO_32_BIT_CONVERSION = YES;
				GCC_WARN_ABOUT_RETURN_TYPE = YES_ERROR;
				GCC_WARN_UNDECLARED_SELECTOR = YES;
				GCC_WARN_UNINITIALIZED_AUTOS = YES_AGGRESSIVE;
				GCC_WARN_UNUSED_FUNCTION = YES;
				GCC_WARN_UNUSED_VARIABLE = YES;
				IPHONEOS_DEPLOYMENT_TARGET = 11.2;
				MTL_ENABLE_DEBUG_INFO = YES;
				ONLY_ACTIVE_ARCH = YES;
				SDKROOT = iphoneos;
				SWIFT_ACTIVE_COMPILATION_CONDITIONS = DEBUG;
				SWIFT_OPTIMIZATION_LEVEL = "-Onone";
			};
			name = Debug;
		};
		7BDF10AD20CBE5C0008A3F84 /* Release */ = {
			isa = XCBuildConfiguration;
			buildSettings = {
				ALWAYS_SEARCH_USER_PATHS = NO;
				CLANG_ANALYZER_NONNULL = YES;
				CLANG_ANALYZER_NUMBER_OBJECT_CONVERSION = YES_AGGRESSIVE;
				CLANG_CXX_LANGUAGE_STANDARD = "gnu++14";
				CLANG_CXX_LIBRARY = "libc++";
				CLANG_ENABLE_MODULES = YES;
				CLANG_ENABLE_OBJC_ARC = YES;
				CLANG_WARN_BLOCK_CAPTURE_AUTORELEASING = YES;
				CLANG_WARN_BOOL_CONVERSION = YES;
				CLANG_WARN_COMMA = YES;
				CLANG_WARN_CONSTANT_CONVERSION = YES;
				CLANG_WARN_DIRECT_OBJC_ISA_USAGE = YES_ERROR;
				CLANG_WARN_DOCUMENTATION_COMMENTS = YES;
				CLANG_WARN_EMPTY_BODY = YES;
				CLANG_WARN_ENUM_CONVERSION = YES;
				CLANG_WARN_INFINITE_RECURSION = YES;
				CLANG_WARN_INT_CONVERSION = YES;
				CLANG_WARN_NON_LITERAL_NULL_CONVERSION = YES;
				CLANG_WARN_OBJC_LITERAL_CONVERSION = YES;
				CLANG_WARN_OBJC_ROOT_CLASS = YES_ERROR;
				CLANG_WARN_RANGE_LOOP_ANALYSIS = YES;
				CLANG_WARN_STRICT_PROTOTYPES = YES;
				CLANG_WARN_SUSPICIOUS_MOVE = YES;
				CLANG_WARN_UNGUARDED_AVAILABILITY = YES_AGGRESSIVE;
				CLANG_WARN_UNREACHABLE_CODE = YES;
				CLANG_WARN__DUPLICATE_METHOD_MATCH = YES;
				CODE_SIGN_IDENTITY = "iPhone Developer";
				COPY_PHASE_STRIP = NO;
				DEBUG_INFORMATION_FORMAT = "dwarf-with-dsym";
				ENABLE_NS_ASSERTIONS = NO;
				ENABLE_STRICT_OBJC_MSGSEND = YES;
				GCC_C_LANGUAGE_STANDARD = gnu11;
				GCC_NO_COMMON_BLOCKS = YES;
				GCC_WARN_64_TO_32_BIT_CONVERSION = YES;
				GCC_WARN_ABOUT_RETURN_TYPE = YES_ERROR;
				GCC_WARN_UNDECLARED_SELECTOR = YES;
				GCC_WARN_UNINITIALIZED_AUTOS = YES_AGGRESSIVE;
				GCC_WARN_UNUSED_FUNCTION = YES;
				GCC_WARN_UNUSED_VARIABLE = YES;
				IPHONEOS_DEPLOYMENT_TARGET = 11.2;
				MTL_ENABLE_DEBUG_INFO = NO;
				SDKROOT = iphoneos;
				SWIFT_OPTIMIZATION_LEVEL = "-Owholemodule";
				VALIDATE_PRODUCT = YES;
			};
			name = Release;
		};
		7BDF10AF20CBE5C0008A3F84 /* Debug */ = {
			isa = XCBuildConfiguration;
			baseConfigurationReference = 76D8EBC1875C1118062D94D9 /* Pods-Vegetables11.debug.xcconfig */;
			buildSettings = {
				ASSETCATALOG_COMPILER_APPICON_NAME = AppIcon;
				CODE_SIGN_STYLE = Automatic;
				INFOPLIST_FILE = Vegetables11/Info.plist;
				LD_RUNPATH_SEARCH_PATHS = "$(inherited) @executable_path/Frameworks";
				PRODUCT_BUNDLE_IDENTIFIER = com.nugumanov.PlayGround.Vegetables11;
				PRODUCT_NAME = "$(TARGET_NAME)";
				SWIFT_VERSION = 4.0;
				TARGETED_DEVICE_FAMILY = "1,2";
			};
			name = Debug;
		};
		7BDF10B020CBE5C0008A3F84 /* Release */ = {
			isa = XCBuildConfiguration;
			baseConfigurationReference = CDED669A8839B69097173403 /* Pods-Vegetables11.release.xcconfig */;
			buildSettings = {
				ASSETCATALOG_COMPILER_APPICON_NAME = AppIcon;
				CODE_SIGN_STYLE = Automatic;
				INFOPLIST_FILE = Vegetables11/Info.plist;
				LD_RUNPATH_SEARCH_PATHS = "$(inherited) @executable_path/Frameworks";
				PRODUCT_BUNDLE_IDENTIFIER = com.nugumanov.PlayGround.Vegetables11;
				PRODUCT_NAME = "$(TARGET_NAME)";
				SWIFT_VERSION = 4.0;
				TARGETED_DEVICE_FAMILY = "1,2";
			};
			name = Release;
		};
/* End XCBuildConfiguration section */

/* Begin XCConfigurationList section */
		7BDF109720CBE5C0008A3F84 /* Build configuration list for PBXProject "Vegetables11" */ = {
			isa = XCConfigurationList;
			buildConfigurations = (
				7BDF10AC20CBE5C0008A3F84 /* Debug */,
				7BDF10AD20CBE5C0008A3F84 /* Release */,
			);
			defaultConfigurationIsVisible = 0;
			defaultConfigurationName = Release;
		};
		7BDF10AE20CBE5C0008A3F84 /* Build configuration list for PBXNativeTarget "Vegetables11" */ = {
			isa = XCConfigurationList;
			buildConfigurations = (
				7BDF10AF20CBE5C0008A3F84 /* Debug */,
				7BDF10B020CBE5C0008A3F84 /* Release */,
			);
			defaultConfigurationIsVisible = 0;
			defaultConfigurationName = Release;
		};
/* End XCConfigurationList section */
	};
	rootObject = 7BDF109420CBE5C0008A3F84 /* Project object */;
}
